
Microsoft Visual Studio Solution File, Format Version 12.00
# Visual Studio Version 17
VisualStudioVersion = 17.9.34616.47
MinimumVisualStudioVersion = 10.0.40219.1
Project("{2150E333-8FDC-42A3-9474-1A3956D46DE8}") = "FrontEnd", "FrontEnd", "{25DDA3B4-5AFC-46CB-B55D-206160D3A612}"
EndProject
Project("{2150E333-8FDC-42A3-9474-1A3956D46DE8}") = "Gateway", "Gateway", "{DEA3F883-7892-48B5-86D1-A775877710B9}"
EndProject
Project("{2150E333-8FDC-42A3-9474-1A3956D46DE8}") = "Services", "Services", "{0665788E-358C-4301-A170-2EF6A8A7E3A2}"
EndProject
Project("{2150E333-8FDC-42A3-9474-1A3956D46DE8}") = "Integration", "Integration", "{66D724DB-C1B7-4531-A3D9-174E97F75553}"
EndProject
Project("{2150E333-8FDC-42A3-9474-1A3956D46DE8}") = "BlogService", "BlogService", "{255902CE-AC18-4AE3-80CF-13CF73BC536B}"
	ProjectSection(SolutionItems) = preProject
		Services\BlogService\Dockerfile = Services\BlogService\Dockerfile
	EndProjectSection
EndProject
Project("{2150E333-8FDC-42A3-9474-1A3956D46DE8}") = "Core", "Core", "{2082B1DB-54D2-4E8D-8E8A-2F4423F5395F}"
EndProject
Project("{2150E333-8FDC-42A3-9474-1A3956D46DE8}") = "Infrastructure", "Infrastructure", "{4A40F905-FD30-4CA1-ADDE-FE3703C8A6AF}"
EndProject
Project("{9A19103F-16F7-4668-BE54-9A1E7A4F7556}") = "BlogService.API", "Services\BlogService\BlogService.API\BlogService.API.csproj", "{1590C3ED-3971-4DE0-8D61-4FDA035BD0E8}"
EndProject
Project("{9A19103F-16F7-4668-BE54-9A1E7A4F7556}") = "BlogService.Application", "Services\BlogService\BlogService.Application\BlogService.Application.csproj", "{5CEC27D2-A022-4442-8226-91582117E2F3}"
EndProject
Project("{9A19103F-16F7-4668-BE54-9A1E7A4F7556}") = "BlogService.Domain", "Services\BlogService\BlogService.Domain\BlogService.Domain.csproj", "{6B162F3E-07DD-4DD1-A19C-AF9724D1B76B}"
EndProject
Project("{9A19103F-16F7-4668-BE54-9A1E7A4F7556}") = "BlogService.Infrastructure", "Services\BlogService\BlogService.Infrastructure\BlogService.Infrastructure.csproj", "{807A2C7B-51F2-4FF2-A837-551085ABEC0B}"
EndProject
Project("{9A19103F-16F7-4668-BE54-9A1E7A4F7556}") = "BlogService.Persistence", "Services\BlogService\BlogService.Persistence\BlogService.Persistence.csproj", "{77830187-E57B-45AF-BEC2-9951062B1381}"
EndProject
Project("{2150E333-8FDC-42A3-9474-1A3956D46DE8}") = "BlogPostService", "BlogPostService", "{A57B252D-1350-4065-867E-3BF0D94B1184}"
EndProject
Project("{2150E333-8FDC-42A3-9474-1A3956D46DE8}") = "Core", "Core", "{F539B562-A1CC-4C75-9A89-62115016A6EC}"
EndProject
Project("{2150E333-8FDC-42A3-9474-1A3956D46DE8}") = "Infrastructure", "Infrastructure", "{9EF286E7-72A2-401A-939B-E81029C9F9BC}"
EndProject
Project("{9A19103F-16F7-4668-BE54-9A1E7A4F7556}") = "BlogPostService.API", "Services\BlogPostService\BlogPostService.API\BlogPostService.API.csproj", "{076A6BC8-19EE-4113-AE8F-83D9EE1CE878}"
EndProject
Project("{9A19103F-16F7-4668-BE54-9A1E7A4F7556}") = "BlogPostService.Application", "Services\BlogPostService\BlogPostService.Application\BlogPostService.Application.csproj", "{B6C7D9B7-43CA-4117-83AD-2B67BC8DCD37}"
EndProject
Project("{FAE04EC0-301F-11D3-BF4B-00C04F79EFBC}") = "BlogPostService.Domain", "Services\BlogPostService\BlogPostService.Domain\BlogPostService.Domain.csproj", "{E903F1D4-2A40-471D-B6BB-9DC9F8A5FAA0}"
EndProject
Project("{FAE04EC0-301F-11D3-BF4B-00C04F79EFBC}") = "BlogPostService.Infrastructure", "Services\BlogPostService\BlogPostService.Infrastructure\BlogPostService.Infrastructure.csproj", "{1CDA3E5A-5A0B-422B-B185-1C2078BB338E}"
EndProject
Project("{FAE04EC0-301F-11D3-BF4B-00C04F79EFBC}") = "BlogPostService.Persistence", "Services\BlogPostService\BlogPostService.Persistence\BlogPostService.Persistence.csproj", "{2B678693-EE9D-436D-9734-37C7A4BFCD12}"
EndProject
Global
	GlobalSection(SolutionConfigurationPlatforms) = preSolution
		Debug|Any CPU = Debug|Any CPU
		Release|Any CPU = Release|Any CPU
	EndGlobalSection
	GlobalSection(ProjectConfigurationPlatforms) = postSolution
		{1590C3ED-3971-4DE0-8D61-4FDA035BD0E8}.Debug|Any CPU.ActiveCfg = Debug|Any CPU
		{1590C3ED-3971-4DE0-8D61-4FDA035BD0E8}.Debug|Any CPU.Build.0 = Debug|Any CPU
		{1590C3ED-3971-4DE0-8D61-4FDA035BD0E8}.Release|Any CPU.ActiveCfg = Release|Any CPU
		{1590C3ED-3971-4DE0-8D61-4FDA035BD0E8}.Release|Any CPU.Build.0 = Release|Any CPU
		{5CEC27D2-A022-4442-8226-91582117E2F3}.Debug|Any CPU.ActiveCfg = Debug|Any CPU
		{5CEC27D2-A022-4442-8226-91582117E2F3}.Debug|Any CPU.Build.0 = Debug|Any CPU
		{5CEC27D2-A022-4442-8226-91582117E2F3}.Release|Any CPU.ActiveCfg = Release|Any CPU
		{5CEC27D2-A022-4442-8226-91582117E2F3}.Release|Any CPU.Build.0 = Release|Any CPU
		{6B162F3E-07DD-4DD1-A19C-AF9724D1B76B}.Debug|Any CPU.ActiveCfg = Debug|Any CPU
		{6B162F3E-07DD-4DD1-A19C-AF9724D1B76B}.Debug|Any CPU.Build.0 = Debug|Any CPU
		{6B162F3E-07DD-4DD1-A19C-AF9724D1B76B}.Release|Any CPU.ActiveCfg = Release|Any CPU
		{6B162F3E-07DD-4DD1-A19C-AF9724D1B76B}.Release|Any CPU.Build.0 = Release|Any CPU
		{807A2C7B-51F2-4FF2-A837-551085ABEC0B}.Debug|Any CPU.ActiveCfg = Debug|Any CPU
		{807A2C7B-51F2-4FF2-A837-551085ABEC0B}.Debug|Any CPU.Build.0 = Debug|Any CPU
		{807A2C7B-51F2-4FF2-A837-551085ABEC0B}.Release|Any CPU.ActiveCfg = Release|Any CPU
		{807A2C7B-51F2-4FF2-A837-551085ABEC0B}.Release|Any CPU.Build.0 = Release|Any CPU
		{77830187-E57B-45AF-BEC2-9951062B1381}.Debug|Any CPU.ActiveCfg = Debug|Any CPU
		{77830187-E57B-45AF-BEC2-9951062B1381}.Debug|Any CPU.Build.0 = Debug|Any CPU
		{77830187-E57B-45AF-BEC2-9951062B1381}.Release|Any CPU.ActiveCfg = Release|Any CPU
		{77830187-E57B-45AF-BEC2-9951062B1381}.Release|Any CPU.Build.0 = Release|Any CPU
		{076A6BC8-19EE-4113-AE8F-83D9EE1CE878}.Debug|Any CPU.ActiveCfg = Debug|Any CPU
		{076A6BC8-19EE-4113-AE8F-83D9EE1CE878}.Debug|Any CPU.Build.0 = Debug|Any CPU
		{076A6BC8-19EE-4113-AE8F-83D9EE1CE878}.Release|Any CPU.ActiveCfg = Release|Any CPU
		{076A6BC8-19EE-4113-AE8F-83D9EE1CE878}.Release|Any CPU.Build.0 = Release|Any CPU
		{B6C7D9B7-43CA-4117-83AD-2B67BC8DCD37}.Debug|Any CPU.ActiveCfg = Debug|Any CPU
		{B6C7D9B7-43CA-4117-83AD-2B67BC8DCD37}.Debug|Any CPU.Build.0 = Debug|Any CPU
		{B6C7D9B7-43CA-4117-83AD-2B67BC8DCD37}.Release|Any CPU.ActiveCfg = Release|Any CPU
		{B6C7D9B7-43CA-4117-83AD-2B67BC8DCD37}.Release|Any CPU.Build.0 = Release|Any CPU
		{E903F1D4-2A40-471D-B6BB-9DC9F8A5FAA0}.Debug|Any CPU.ActiveCfg = Debug|Any CPU
		{E903F1D4-2A40-471D-B6BB-9DC9F8A5FAA0}.Debug|Any CPU.Build.0 = Debug|Any CPU
		{E903F1D4-2A40-471D-B6BB-9DC9F8A5FAA0}.Release|Any CPU.ActiveCfg = Release|Any CPU
		{E903F1D4-2A40-471D-B6BB-9DC9F8A5FAA0}.Release|Any CPU.Build.0 = Release|Any CPU
		{1CDA3E5A-5A0B-422B-B185-1C2078BB338E}.Debug|Any CPU.ActiveCfg = Debug|Any CPU
		{1CDA3E5A-5A0B-422B-B185-1C2078BB338E}.Debug|Any CPU.Build.0 = Debug|Any CPU
		{1CDA3E5A-5A0B-422B-B185-1C2078BB338E}.Release|Any CPU.ActiveCfg = Release|Any CPU
		{1CDA3E5A-5A0B-422B-B185-1C2078BB338E}.Release|Any CPU.Build.0 = Release|Any CPU
		{2B678693-EE9D-436D-9734-37C7A4BFCD12}.Debug|Any CPU.ActiveCfg = Debug|Any CPU
		{2B678693-EE9D-436D-9734-37C7A4BFCD12}.Debug|Any CPU.Build.0 = Debug|Any CPU
		{2B678693-EE9D-436D-9734-37C7A4BFCD12}.Release|Any CPU.ActiveCfg = Release|Any CPU
		{2B678693-EE9D-436D-9734-37C7A4BFCD12}.Release|Any CPU.Build.0 = Release|Any CPU
	EndGlobalSection
	GlobalSection(SolutionProperties) = preSolution
		HideSolutionNode = FALSE
	EndGlobalSection
	GlobalSection(NestedProjects) = preSolution
		{255902CE-AC18-4AE3-80CF-13CF73BC536B} = {0665788E-358C-4301-A170-2EF6A8A7E3A2}
		{2082B1DB-54D2-4E8D-8E8A-2F4423F5395F} = {255902CE-AC18-4AE3-80CF-13CF73BC536B}
		{4A40F905-FD30-4CA1-ADDE-FE3703C8A6AF} = {255902CE-AC18-4AE3-80CF-13CF73BC536B}
		{1590C3ED-3971-4DE0-8D61-4FDA035BD0E8} = {255902CE-AC18-4AE3-80CF-13CF73BC536B}
		{5CEC27D2-A022-4442-8226-91582117E2F3} = {2082B1DB-54D2-4E8D-8E8A-2F4423F5395F}
		{6B162F3E-07DD-4DD1-A19C-AF9724D1B76B} = {2082B1DB-54D2-4E8D-8E8A-2F4423F5395F}
		{807A2C7B-51F2-4FF2-A837-551085ABEC0B} = {4A40F905-FD30-4CA1-ADDE-FE3703C8A6AF}
		{77830187-E57B-45AF-BEC2-9951062B1381} = {4A40F905-FD30-4CA1-ADDE-FE3703C8A6AF}
		{A57B252D-1350-4065-867E-3BF0D94B1184} = {0665788E-358C-4301-A170-2EF6A8A7E3A2}
		{F539B562-A1CC-4C75-9A89-62115016A6EC} = {A57B252D-1350-4065-867E-3BF0D94B1184}
		{9EF286E7-72A2-401A-939B-E81029C9F9BC} = {A57B252D-1350-4065-867E-3BF0D94B1184}
		{076A6BC8-19EE-4113-AE8F-83D9EE1CE878} = {A57B252D-1350-4065-867E-3BF0D94B1184}
		{B6C7D9B7-43CA-4117-83AD-2B67BC8DCD37} = {F539B562-A1CC-4C75-9A89-62115016A6EC}
		{E903F1D4-2A40-471D-B6BB-9DC9F8A5FAA0} = {F539B562-A1CC-4C75-9A89-62115016A6EC}
		{1CDA3E5A-5A0B-422B-B185-1C2078BB338E} = {9EF286E7-72A2-401A-939B-E81029C9F9BC}
		{2B678693-EE9D-436D-9734-37C7A4BFCD12} = {9EF286E7-72A2-401A-939B-E81029C9F9BC}
	EndGlobalSection
	GlobalSection(ExtensibilityGlobals) = postSolution
		SolutionGuid = {36571AB6-871F-4A4F-B8FA-096E29F06B37}
	EndGlobalSection
EndGlobal
